
Microsoft Visual Studio Solution File, Format Version 12.00
Project("{FAE04EC0-301F-11D3-BF4B-00C04F79EFBC}") = "FiestaProxy", "src/FiestaProxy/FiestaProxy.csproj", "{11111111-1111-1111-1111-111111111111}"
EndProject
Project("{FAE04EC0-301F-11D3-BF4B-00C04F79EFBC}") = "FiestaLibReloaded.Networking", "lib/FiestaLib-Reloaded/src/FiestaLibReloaded.Networking/FiestaLibReloaded.Networking.csproj", "{22222222-2222-2222-2222-222222222222}"
EndProject
Project("{2150E333-8FDC-42A3-9474-1A3956D46DE8}") = "plugins", "plugins", "{07D57EEB-2F50-60C4-C011-FE4FA775C9A8}"
EndProject
Project("{FAE04EC0-301F-11D3-BF4B-00C04F79EFBC}") = "Bridge2026", "plugins\Bridge2026\Bridge2026.csproj", "{36407335-E6BF-4AF5-B120-6B573907E4F4}"
EndProject
Project("{2150E333-8FDC-42A3-9474-1A3956D46DE8}") = "lib", "lib", "{3A8DF596-E814-FECC-DD4B-D8EF8AAC1A0D}"
EndProject
Project("{2150E333-8FDC-42A3-9474-1A3956D46DE8}") = "FiestaLib-Reloaded", "FiestaLib-Reloaded", "{3A7EA010-2719-8195-273E-9B19A466603F}"
EndProject
Project("{2150E333-8FDC-42A3-9474-1A3956D46DE8}") = "src", "src", "{75F25B67-F291-DA26-82B1-CFEB7C5AD574}"
EndProject
Project("{FAE04EC0-301F-11D3-BF4B-00C04F79EFBC}") = "FiestaLibReloaded.Networking", "lib\FiestaLib-Reloaded\src\FiestaLibReloaded.Networking\FiestaLibReloaded.Networking.csproj", "{32547DEC-9CDA-47B3-AD85-1197FF5B833F}"
EndProject
Project("{2150E333-8FDC-42A3-9474-1A3956D46DE8}") = "tests", "tests", "{0AB3BF05-4346-4AA6-1389-037BE0695223}"
EndProject
Project("{FAE04EC0-301F-11D3-BF4B-00C04F79EFBC}") = "Bridge2026.Tests", "tests\Bridge2026.Tests\Bridge2026.Tests.csproj", "{EF3A4C8B-75EE-4DCF-9FC0-8FBE3A2E287F}"
EndProject
Global
	GlobalSection(SolutionConfigurationPlatforms) = preSolution
		Debug|Any CPU = Debug|Any CPU
		Debug|x64 = Debug|x64
		Debug|x86 = Debug|x86
		Release|Any CPU = Release|Any CPU
		Release|x64 = Release|x64
		Release|x86 = Release|x86
	EndGlobalSection
	GlobalSection(ProjectConfigurationPlatforms) = postSolution
		{11111111-1111-1111-1111-111111111111}.Debug|Any CPU.ActiveCfg = Debug|Any CPU
		{11111111-1111-1111-1111-111111111111}.Debug|Any CPU.Build.0 = Debug|Any CPU
		{11111111-1111-1111-1111-111111111111}.Debug|x64.ActiveCfg = Debug|Any CPU
		{11111111-1111-1111-1111-111111111111}.Debug|x64.Build.0 = Debug|Any CPU
		{11111111-1111-1111-1111-111111111111}.Debug|x86.ActiveCfg = Debug|Any CPU
		{11111111-1111-1111-1111-111111111111}.Debug|x86.Build.0 = Debug|Any CPU
		{11111111-1111-1111-1111-111111111111}.Release|Any CPU.ActiveCfg = Release|Any CPU
		{11111111-1111-1111-1111-111111111111}.Release|Any CPU.Build.0 = Release|Any CPU
		{11111111-1111-1111-1111-111111111111}.Release|x64.ActiveCfg = Release|Any CPU
		{11111111-1111-1111-1111-111111111111}.Release|x64.Build.0 = Release|Any CPU
		{11111111-1111-1111-1111-111111111111}.Release|x86.ActiveCfg = Release|Any CPU
		{11111111-1111-1111-1111-111111111111}.Release|x86.Build.0 = Release|Any CPU
		{22222222-2222-2222-2222-222222222222}.Debug|Any CPU.ActiveCfg = Debug|Any CPU
		{22222222-2222-2222-2222-222222222222}.Debug|Any CPU.Build.0 = Debug|Any CPU
		{22222222-2222-2222-2222-222222222222}.Debug|x64.ActiveCfg = Debug|Any CPU
		{22222222-2222-2222-2222-222222222222}.Debug|x64.Build.0 = Debug|Any CPU
		{22222222-2222-2222-2222-222222222222}.Debug|x86.ActiveCfg = Debug|Any CPU
		{22222222-2222-2222-2222-222222222222}.Debug|x86.Build.0 = Debug|Any CPU
		{22222222-2222-2222-2222-222222222222}.Release|Any CPU.ActiveCfg = Release|Any CPU
		{22222222-2222-2222-2222-222222222222}.Release|Any CPU.Build.0 = Release|Any CPU
		{22222222-2222-2222-2222-222222222222}.Release|x64.ActiveCfg = Release|Any CPU
		{22222222-2222-2222-2222-222222222222}.Release|x64.Build.0 = Release|Any CPU
		{22222222-2222-2222-2222-222222222222}.Release|x86.ActiveCfg = Release|Any CPU
		{22222222-2222-2222-2222-222222222222}.Release|x86.Build.0 = Release|Any CPU
		{36407335-E6BF-4AF5-B120-6B573907E4F4}.Debug|Any CPU.ActiveCfg = Debug|Any CPU
		{36407335-E6BF-4AF5-B120-6B573907E4F4}.Debug|Any CPU.Build.0 = Debug|Any CPU
		{36407335-E6BF-4AF5-B120-6B573907E4F4}.Debug|x64.ActiveCfg = Debug|Any CPU
		{36407335-E6BF-4AF5-B120-6B573907E4F4}.Debug|x64.Build.0 = Debug|Any CPU
		{36407335-E6BF-4AF5-B120-6B573907E4F4}.Debug|x86.ActiveCfg = Debug|Any CPU
		{36407335-E6BF-4AF5-B120-6B573907E4F4}.Debug|x86.Build.0 = Debug|Any CPU
		{36407335-E6BF-4AF5-B120-6B573907E4F4}.Release|Any CPU.ActiveCfg = Release|Any CPU
		{36407335-E6BF-4AF5-B120-6B573907E4F4}.Release|Any CPU.Build.0 = Release|Any CPU
		{36407335-E6BF-4AF5-B120-6B573907E4F4}.Release|x64.ActiveCfg = Release|Any CPU
		{36407335-E6BF-4AF5-B120-6B573907E4F4}.Release|x64.Build.0 = Release|Any CPU
		{36407335-E6BF-4AF5-B120-6B573907E4F4}.Release|x86.ActiveCfg = Release|Any CPU
		{36407335-E6BF-4AF5-B120-6B573907E4F4}.Release|x86.Build.0 = Release|Any CPU
		{32547DEC-9CDA-47B3-AD85-1197FF5B833F}.Debug|Any CPU.ActiveCfg = Debug|Any CPU
		{32547DEC-9CDA-47B3-AD85-1197FF5B833F}.Debug|Any CPU.Build.0 = Debug|Any CPU
		{32547DEC-9CDA-47B3-AD85-1197FF5B833F}.Debug|x64.ActiveCfg = Debug|Any CPU
		{32547DEC-9CDA-47B3-AD85-1197FF5B833F}.Debug|x64.Build.0 = Debug|Any CPU
		{32547DEC-9CDA-47B3-AD85-1197FF5B833F}.Debug|x86.ActiveCfg = Debug|Any CPU
		{32547DEC-9CDA-47B3-AD85-1197FF5B833F}.Debug|x86.Build.0 = Debug|Any CPU
		{32547DEC-9CDA-47B3-AD85-1197FF5B833F}.Release|Any CPU.ActiveCfg = Release|Any CPU
		{32547DEC-9CDA-47B3-AD85-1197FF5B833F}.Release|Any CPU.Build.0 = Release|Any CPU
		{32547DEC-9CDA-47B3-AD85-1197FF5B833F}.Release|x64.ActiveCfg = Release|Any CPU
		{32547DEC-9CDA-47B3-AD85-1197FF5B833F}.Release|x64.Build.0 = Release|Any CPU
		{32547DEC-9CDA-47B3-AD85-1197FF5B833F}.Release|x86.ActiveCfg = Release|Any CPU
		{32547DEC-9CDA-47B3-AD85-1197FF5B833F}.Release|x86.Build.0 = Release|Any CPU
		{EF3A4C8B-75EE-4DCF-9FC0-8FBE3A2E287F}.Debug|Any CPU.ActiveCfg = Debug|Any CPU
		{EF3A4C8B-75EE-4DCF-9FC0-8FBE3A2E287F}.Debug|Any CPU.Build.0 = Debug|Any CPU
		{EF3A4C8B-75EE-4DCF-9FC0-8FBE3A2E287F}.Debug|x64.ActiveCfg = Debug|Any CPU
		{EF3A4C8B-75EE-4DCF-9FC0-8FBE3A2E287F}.Debug|x64.Build.0 = Debug|Any CPU
		{EF3A4C8B-75EE-4DCF-9FC0-8FBE3A2E287F}.Debug|x86.ActiveCfg = Debug|Any CPU
		{EF3A4C8B-75EE-4DCF-9FC0-8FBE3A2E287F}.Debug|x86.Build.0 = Debug|Any CPU
		{EF3A4C8B-75EE-4DCF-9FC0-8FBE3A2E287F}.Release|Any CPU.ActiveCfg = Release|Any CPU
		{EF3A4C8B-75EE-4DCF-9FC0-8FBE3A2E287F}.Release|Any CPU.Build.0 = Release|Any CPU
		{EF3A4C8B-75EE-4DCF-9FC0-8FBE3A2E287F}.Release|x64.ActiveCfg = Release|Any CPU
		{EF3A4C8B-75EE-4DCF-9FC0-8FBE3A2E287F}.Release|x64.Build.0 = Release|Any CPU
		{EF3A4C8B-75EE-4DCF-9FC0-8FBE3A2E287F}.Release|x86.ActiveCfg = Release|Any CPU
		{EF3A4C8B-75EE-4DCF-9FC0-8FBE3A2E287F}.Release|x86.Build.0 = Release|Any CPU
	EndGlobalSection
	GlobalSection(SolutionProperties) = preSolution
		HideSolutionNode = FALSE
	EndGlobalSection
	GlobalSection(NestedProjects) = preSolution
		{36407335-E6BF-4AF5-B120-6B573907E4F4} = {07D57EEB-2F50-60C4-C011-FE4FA775C9A8}
		{3A7EA010-2719-8195-273E-9B19A466603F} = {3A8DF596-E814-FECC-DD4B-D8EF8AAC1A0D}
		{75F25B67-F291-DA26-82B1-CFEB7C5AD574} = {3A7EA010-2719-8195-273E-9B19A466603F}
		{32547DEC-9CDA-47B3-AD85-1197FF5B833F} = {75F25B67-F291-DA26-82B1-CFEB7C5AD574}
		{EF3A4C8B-75EE-4DCF-9FC0-8FBE3A2E287F} = {0AB3BF05-4346-4AA6-1389-037BE0695223}
	EndGlobalSection
EndGlobal
